
Microsoft Visual Studio Solution File, Format Version 12.00
# Visual Studio Version 17
VisualStudioVersion = 17.5.002.0
MinimumVisualStudioVersion = 10.0.40219.1
Project("{9A19103F-16F7-4668-BE54-9A1E7A4F7556}") = "LoginWebapi", "LoginWebapi.csproj", "{63D35B73-8A38-429F-B4B0-B921D1BA887E}"
EndProject
Global
	GlobalSection(SolutionConfigurationPlatforms) = preSolution
		Debug|Any CPU = Debug|Any CPU
		Release|Any CPU = Release|Any CPU
	EndGlobalSection
	GlobalSection(ProjectConfigurationPlatforms) = postSolution
		{63D35B73-8A38-429F-B4B0-B921D1BA887E}.Debug|Any CPU.ActiveCfg = Debug|Any CPU
		{63D35B73-8A38-429F-B4B0-B921D1BA887E}.Debug|Any CPU.Build.0 = Debug|Any CPU
		{63D35B73-8A38-429F-B4B0-B921D1BA887E}.Release|Any CPU.ActiveCfg = Release|Any CPU
		{63D35B73-8A38-429F-B4B0-B921D1BA887E}.Release|Any CPU.Build.0 = Release|Any CPU
	EndGlobalSection
	GlobalSection(SolutionProperties) = preSolution
		HideSolutionNode = FALSE
	EndGlobalSection
	GlobalSection(ExtensibilityGlobals) = postSolution
		SolutionGuid = {3BF1402A-BB71-47F0-8DF1-1B14A4E60E1E}
	EndGlobalSection
EndGlobal
