
Microsoft Visual Studio Solution File, Format Version 12.00
# Visual Studio Version 17
VisualStudioVersion = 17.8.34330.188
MinimumVisualStudioVersion = 10.0.40219.1
Project("{FAE04EC0-301F-11D3-BF4B-00C04F79EFBC}") = "SeleniumAssessmentnew", "SeleniumAssessmentnew.csproj", "{93761702-B0B2-4E2B-B3D9-1ED7517D4000}"
EndProject
Project("{9A19103F-16F7-4668-BE54-9A1E7A4F7556}") = "Utils", "..\Utils - Copy\Utils.csproj", "{03C4DCC1-970D-447B-BC97-DE9F38E2DCAB}"
EndProject
Global
	GlobalSection(SolutionConfigurationPlatforms) = preSolution
		Debug|Any CPU = Debug|Any CPU
		Release|Any CPU = Release|Any CPU
	EndGlobalSection
	GlobalSection(ProjectConfigurationPlatforms) = postSolution
		{93761702-B0B2-4E2B-B3D9-1ED7517D4000}.Debug|Any CPU.ActiveCfg = Debug|Any CPU
		{93761702-B0B2-4E2B-B3D9-1ED7517D4000}.Debug|Any CPU.Build.0 = Debug|Any CPU
		{93761702-B0B2-4E2B-B3D9-1ED7517D4000}.Release|Any CPU.ActiveCfg = Release|Any CPU
		{93761702-B0B2-4E2B-B3D9-1ED7517D4000}.Release|Any CPU.Build.0 = Release|Any CPU
		{03C4DCC1-970D-447B-BC97-DE9F38E2DCAB}.Debug|Any CPU.ActiveCfg = Debug|Any CPU
		{03C4DCC1-970D-447B-BC97-DE9F38E2DCAB}.Debug|Any CPU.Build.0 = Debug|Any CPU
		{03C4DCC1-970D-447B-BC97-DE9F38E2DCAB}.Release|Any CPU.ActiveCfg = Release|Any CPU
		{03C4DCC1-970D-447B-BC97-DE9F38E2DCAB}.Release|Any CPU.Build.0 = Release|Any CPU
	EndGlobalSection
	GlobalSection(SolutionProperties) = preSolution
		HideSolutionNode = FALSE
	EndGlobalSection
	GlobalSection(ExtensibilityGlobals) = postSolution
		SolutionGuid = {125D6ED8-EDD9-464A-AD98-C93409F238A5}
	EndGlobalSection
EndGlobal
